<Solution>
  <Folder Name="/src/">
    <Project Path="src/Augram.Core/Augram.Core.csproj" />
    <Project Path="src/Augram.Engine/Augram.Engine.csproj" />
    <Project Path="src/Augram.Platform.Windows/Augram.Platform.Windows.csproj" />
    <Project Path="src/Augram.Platform.MacOS/Augram.Platform.MacOS.csproj" />
    <Project Path="src/Augram.App/Augram.App.csproj" />
    <Project Path="src/Augram.Import.StrokesPlus/Augram.Import.StrokesPlus.csproj" />
  </Folder>
  <Folder Name="/tests/">
    <Project Path="tests/Augram.Core.Tests/Augram.Core.Tests.csproj" />
    <Project Path="tests/Augram.Engine.Tests/Augram.Engine.Tests.csproj" />
    <Project Path="tests/Augram.Platform.MacOS.Tests/Augram.Platform.MacOS.Tests.csproj" />
    <Project Path="tests/Augram.Platform.Windows.Tests/Augram.Platform.Windows.Tests.csproj" />
    <Project Path="tests/Augram.App.Tests/Augram.App.Tests.csproj" />
  </Folder>
</Solution>
